
Microsoft Visual Studio Solution File, Format Version 12.00
# Visual Studio Version 17
VisualStudioVersion = 17.5.33530.505
MinimumVisualStudioVersion = 10.0.40219.1
Project("{2150E333-8FDC-42A3-9474-1A3956D46DE8}") = "src", "src", "{BB477FFA-8023-4902-88C1-5F059B45E565}"
EndProject
Project("{9A19103F-16F7-4668-BE54-9A1E7A4F7556}") = "ServerUpdater.Demo", "src\ServerUpdater.Demo\ServerUpdater.Demo.csproj", "{833BA4B0-5DDA-4038-BF52-CDDACE2B6B91}"
EndProject
Project("{2150E333-8FDC-42A3-9474-1A3956D46DE8}") = "test", "test", "{90E92A6D-BA79-4973-924A-1FDCDCFA5417}"
EndProject
Project("{9A19103F-16F7-4668-BE54-9A1E7A4F7556}") = "ServerUpdater.Demo.Test", "test\ServerUpdater.Demo.Test\ServerUpdater.Demo.Test.csproj", "{3C97F993-1607-4D6E-B545-3D58BA7C9463}"
EndProject
Project("{9A19103F-16F7-4668-BE54-9A1E7A4F7556}") = "ServerUpdater.Domain", "src\ServerUpdater.Domain\ServerUpdater.Domain.csproj", "{64C6C780-8818-480D-A729-BEB6A5879D8F}"
EndProject
Project("{9A19103F-16F7-4668-BE54-9A1E7A4F7556}") = "ServerUpdater.Globals.Test", "test\ServerUpdater.Globals.Test\ServerUpdater.Globals.Test.csproj", "{6633B44B-677F-4715-89B7-0E8292AA6992}"
EndProject
Global
	GlobalSection(SolutionConfigurationPlatforms) = preSolution
		Debug|Any CPU = Debug|Any CPU
		Release|Any CPU = Release|Any CPU
	EndGlobalSection
	GlobalSection(ProjectConfigurationPlatforms) = postSolution
		{833BA4B0-5DDA-4038-BF52-CDDACE2B6B91}.Debug|Any CPU.ActiveCfg = Debug|Any CPU
		{833BA4B0-5DDA-4038-BF52-CDDACE2B6B91}.Debug|Any CPU.Build.0 = Debug|Any CPU
		{833BA4B0-5DDA-4038-BF52-CDDACE2B6B91}.Release|Any CPU.ActiveCfg = Release|Any CPU
		{833BA4B0-5DDA-4038-BF52-CDDACE2B6B91}.Release|Any CPU.Build.0 = Release|Any CPU
		{3C97F993-1607-4D6E-B545-3D58BA7C9463}.Debug|Any CPU.ActiveCfg = Debug|Any CPU
		{3C97F993-1607-4D6E-B545-3D58BA7C9463}.Debug|Any CPU.Build.0 = Debug|Any CPU
		{3C97F993-1607-4D6E-B545-3D58BA7C9463}.Release|Any CPU.ActiveCfg = Release|Any CPU
		{3C97F993-1607-4D6E-B545-3D58BA7C9463}.Release|Any CPU.Build.0 = Release|Any CPU
		{64C6C780-8818-480D-A729-BEB6A5879D8F}.Debug|Any CPU.ActiveCfg = Debug|Any CPU
		{64C6C780-8818-480D-A729-BEB6A5879D8F}.Debug|Any CPU.Build.0 = Debug|Any CPU
		{64C6C780-8818-480D-A729-BEB6A5879D8F}.Release|Any CPU.ActiveCfg = Release|Any CPU
		{64C6C780-8818-480D-A729-BEB6A5879D8F}.Release|Any CPU.Build.0 = Release|Any CPU
		{6633B44B-677F-4715-89B7-0E8292AA6992}.Debug|Any CPU.ActiveCfg = Debug|Any CPU
		{6633B44B-677F-4715-89B7-0E8292AA6992}.Debug|Any CPU.Build.0 = Debug|Any CPU
		{6633B44B-677F-4715-89B7-0E8292AA6992}.Release|Any CPU.ActiveCfg = Release|Any CPU
		{6633B44B-677F-4715-89B7-0E8292AA6992}.Release|Any CPU.Build.0 = Release|Any CPU
	EndGlobalSection
	GlobalSection(SolutionProperties) = preSolution
		HideSolutionNode = FALSE
	EndGlobalSection
	GlobalSection(NestedProjects) = preSolution
		{833BA4B0-5DDA-4038-BF52-CDDACE2B6B91} = {BB477FFA-8023-4902-88C1-5F059B45E565}
		{3C97F993-1607-4D6E-B545-3D58BA7C9463} = {90E92A6D-BA79-4973-924A-1FDCDCFA5417}
		{64C6C780-8818-480D-A729-BEB6A5879D8F} = {BB477FFA-8023-4902-88C1-5F059B45E565}
		{6633B44B-677F-4715-89B7-0E8292AA6992} = {90E92A6D-BA79-4973-924A-1FDCDCFA5417}
	EndGlobalSection
	GlobalSection(ExtensibilityGlobals) = postSolution
		SolutionGuid = {EB9F1063-8214-4D67-A4BE-A56808C1CFAB}
	EndGlobalSection
EndGlobal
